// !$*UTF8*$!
{
	archiveVersion = 1;
	classes = {
	};
	objectVersion = 55;
	objects = {

/* Begin PBXBuildFile section */
		27276ADB27F4B6AD00F890B8 /* PokemonListHeaderViewModel.swift in Sources */ = {isa = PBXBuildFile; fileRef = 27276ADA27F4B6AD00F890B8 /* PokemonListHeaderViewModel.swift */; };
		27276ADD27F4B6C500F890B8 /* PokemonListHeaderViewModelAttributer.swift in Sources */ = {isa = PBXBuildFile; fileRef = 27276ADC27F4B6C500F890B8 /* PokemonListHeaderViewModelAttributer.swift */; };
		27276ADF27F4B8CF00F890B8 /* PokemonListHeaderStringFormatter.swift in Sources */ = {isa = PBXBuildFile; fileRef = 27276ADE27F4B8CF00F890B8 /* PokemonListHeaderStringFormatter.swift */; };
		27276AE127F4BA1200F890B8 /* CollectionReusableView.swift in Sources */ = {isa = PBXBuildFile; fileRef = 27276AE027F4BA1200F890B8 /* CollectionReusableView.swift */; };
		27276AE327F4BAD500F890B8 /* PokedexRegion.swift in Sources */ = {isa = PBXBuildFile; fileRef = 27276AE227F4BAD500F890B8 /* PokedexRegion.swift */; };
		27276AE527F4BB4900F890B8 /* PokemonListCellViewModel.swift in Sources */ = {isa = PBXBuildFile; fileRef = 27276AE427F4BB4900F890B8 /* PokemonListCellViewModel.swift */; };
		27276AE727F4C1BD00F890B8 /* NSDirectionalEdgeInsets.swift in Sources */ = {isa = PBXBuildFile; fileRef = 27276AE627F4C1BD00F890B8 /* NSDirectionalEdgeInsets.swift */; };
		27276AEB27F4CB9500F890B8 /* RefinementViewController.swift in Sources */ = {isa = PBXBuildFile; fileRef = 27276AEA27F4CB9500F890B8 /* RefinementViewController.swift */; };
		27276AED27F4CBAE00F890B8 /* RefinementCoordinator.swift in Sources */ = {isa = PBXBuildFile; fileRef = 27276AEC27F4CBAE00F890B8 /* RefinementCoordinator.swift */; };
		27276AEF27F4CBB500F890B8 /* RefinementViewModel.swift in Sources */ = {isa = PBXBuildFile; fileRef = 27276AEE27F4CBB500F890B8 /* RefinementViewModel.swift */; };
		27276AF227F50E8600F890B8 /* PokemonDetailsCoordinator.swift in Sources */ = {isa = PBXBuildFile; fileRef = 27276AF127F50E8600F890B8 /* PokemonDetailsCoordinator.swift */; };
		27276AF427F50EA000F890B8 /* PokemonDetailsViewController.swift in Sources */ = {isa = PBXBuildFile; fileRef = 27276AF327F50EA000F890B8 /* PokemonDetailsViewController.swift */; };
		27276AF627F50EAF00F890B8 /* PokemonDetailsViewModel.swift in Sources */ = {isa = PBXBuildFile; fileRef = 27276AF527F50EAF00F890B8 /* PokemonDetailsViewModel.swift */; };
		27276AF827F5209A00F890B8 /* PokemonDetailsScrollView.swift in Sources */ = {isa = PBXBuildFile; fileRef = 27276AF727F5209A00F890B8 /* PokemonDetailsScrollView.swift */; };
		27276AFA27F522A700F890B8 /* ScrollView.swift in Sources */ = {isa = PBXBuildFile; fileRef = 27276AF927F522A700F890B8 /* ScrollView.swift */; };
		27276AFC27F52C3500F890B8 /* PokemonListSearchController.swift in Sources */ = {isa = PBXBuildFile; fileRef = 27276AFB27F52C3500F890B8 /* PokemonListSearchController.swift */; };
		272A160E27E7CE0A0057255F /* NetworkManifest.swift in Sources */ = {isa = PBXBuildFile; fileRef = 272A160D27E7CE0A0057255F /* NetworkManifest.swift */; };
		272A161027E7CE5E0057255F /* PokemonListLoader.swift in Sources */ = {isa = PBXBuildFile; fileRef = 272A160F27E7CE5E0057255F /* PokemonListLoader.swift */; };
		272A161227E7D59D0057255F /* NetworkResponseParser.swift in Sources */ = {isa = PBXBuildFile; fileRef = 272A161127E7D59D0057255F /* NetworkResponseParser.swift */; };
		272A161627E7DA460057255F /* URLScheme.swift in Sources */ = {isa = PBXBuildFile; fileRef = 272A161527E7DA460057255F /* URLScheme.swift */; };
		272A161827E7F03E0057255F /* QueryKey.swift in Sources */ = {isa = PBXBuildFile; fileRef = 272A161727E7F03E0057255F /* QueryKey.swift */; };
		272A161A27E7F0C30057255F /* Int.swift in Sources */ = {isa = PBXBuildFile; fileRef = 272A161927E7F0C20057255F /* Int.swift */; };
		272A161C27E7F5E30057255F /* UICollectionView.swift in Sources */ = {isa = PBXBuildFile; fileRef = 272A161B27E7F5E30057255F /* UICollectionView.swift */; };
		272A161E27E7F5FA0057255F /* UICollectionViewCell.swift in Sources */ = {isa = PBXBuildFile; fileRef = 272A161D27E7F5FA0057255F /* UICollectionViewCell.swift */; };
		272A162127E7F6460057255F /* CellDequeuable.swift in Sources */ = {isa = PBXBuildFile; fileRef = 272A162027E7F6460057255F /* CellDequeuable.swift */; };
		272A162327E7F65D0057255F /* CellRegistable.swift in Sources */ = {isa = PBXBuildFile; fileRef = 272A162227E7F65D0057255F /* CellRegistable.swift */; };
		272A162527E7F6760057255F /* Identifiable.swift in Sources */ = {isa = PBXBuildFile; fileRef = 272A162427E7F6760057255F /* Identifiable.swift */; };
		2754FCEF27F5E8C700F3092A /* SearchController.swift in Sources */ = {isa = PBXBuildFile; fileRef = 2754FCEE27F5E8C700F3092A /* SearchController.swift */; };
		2754FCF227F5EABF00F3092A /* PokemonListHeaderStringFormatterTests.swift in Sources */ = {isa = PBXBuildFile; fileRef = 2754FCF127F5EABF00F3092A /* PokemonListHeaderStringFormatterTests.swift */; };
		2754FCF427F5EC5200F3092A /* PokemonListHeaderViewModelTests.swift in Sources */ = {isa = PBXBuildFile; fileRef = 2754FCF327F5EC5200F3092A /* PokemonListHeaderViewModelTests.swift */; };
		2773B73527D6D5D800C845DE /* PokemonListViewController.swift in Sources */ = {isa = PBXBuildFile; fileRef = 2773B73427D6D5D800C845DE /* PokemonListViewController.swift */; };
		2773B73727D6D5E800C845DE /* PokemonListCollectionViewController.swift in Sources */ = {isa = PBXBuildFile; fileRef = 2773B73627D6D5E800C845DE /* PokemonListCollectionViewController.swift */; };
		2773B73B27D6D6A500C845DE /* ViewController.swift in Sources */ = {isa = PBXBuildFile; fileRef = 2773B73A27D6D6A500C845DE /* ViewController.swift */; };
		2773B73D27D6D7F100C845DE /* PokemonListCoordinator.swift in Sources */ = {isa = PBXBuildFile; fileRef = 2773B73C27D6D7F100C845DE /* PokemonListCoordinator.swift */; };
		2773B73F27D6E17B00C845DE /* CollectionViewController.swift in Sources */ = {isa = PBXBuildFile; fileRef = 2773B73E27D6E17B00C845DE /* CollectionViewController.swift */; };
		2773B74227D6E21500C845DE /* UIViewController.swift in Sources */ = {isa = PBXBuildFile; fileRef = 2773B74127D6E21500C845DE /* UIViewController.swift */; };
		2773B74727D826A900C845DE /* NetworkEngine.swift in Sources */ = {isa = PBXBuildFile; fileRef = 2773B74627D826A900C845DE /* NetworkEngine.swift */; };
		2781FCB627EFBB390060EF60 /* String.swift in Sources */ = {isa = PBXBuildFile; fileRef = 2781FCB527EFBB390060EF60 /* String.swift */; };
		2781FCB827F0CB590060EF60 /* DependencyContainer.swift in Sources */ = {isa = PBXBuildFile; fileRef = 2781FCB727F0CB590060EF60 /* DependencyContainer.swift */; };
		2781FCBA27F0CB7B0060EF60 /* ViewControllerRepresentable.swift in Sources */ = {isa = PBXBuildFile; fileRef = 2781FCB927F0CB7B0060EF60 /* ViewControllerRepresentable.swift */; };
		2781FCBC27F0CC190060EF60 /* UIImage+System.swift in Sources */ = {isa = PBXBuildFile; fileRef = 2781FCBB27F0CC190060EF60 /* UIImage+System.swift */; };
		2781FCBE27F0E01E0060EF60 /* UIView.swift in Sources */ = {isa = PBXBuildFile; fileRef = 2781FCBD27F0E01E0060EF60 /* UIView.swift */; };
		2781FCC027F0E67B0060EF60 /* HTTPHeader.swift in Sources */ = {isa = PBXBuildFile; fileRef = 2781FCBF27F0E67B0060EF60 /* HTTPHeader.swift */; };
		2781FCC227F0E6C50060EF60 /* HeaderKey.swift in Sources */ = {isa = PBXBuildFile; fileRef = 2781FCC127F0E6C50060EF60 /* HeaderKey.swift */; };
		27876E3827EF574800CB8F3A /* PokemonFormatterTests.swift in Sources */ = {isa = PBXBuildFile; fileRef = 27876E3727EF574800CB8F3A /* PokemonFormatterTests.swift */; };
		27876E3C27EF782B00CB8F3A /* AppCoordinator.swift in Sources */ = {isa = PBXBuildFile; fileRef = 27876E3B27EF782B00CB8F3A /* AppCoordinator.swift */; };
		27876E3E27EF784E00CB8F3A /* Coordinator.swift in Sources */ = {isa = PBXBuildFile; fileRef = 27876E3D27EF784E00CB8F3A /* Coordinator.swift */; };
		27876E4127EF7B9B00CB8F3A /* Navigator.swift in Sources */ = {isa = PBXBuildFile; fileRef = 27876E4027EF7B9B00CB8F3A /* Navigator.swift */; };
		27876E4427EF7C3300CB8F3A /* TabBarCoordinator.swift in Sources */ = {isa = PBXBuildFile; fileRef = 27876E4327EF7C3300CB8F3A /* TabBarCoordinator.swift */; };
		27876E4727EF7F0300CB8F3A /* SettingsCoordinator.swift in Sources */ = {isa = PBXBuildFile; fileRef = 27876E4627EF7F0300CB8F3A /* SettingsCoordinator.swift */; };
		27876E4927EF7F5400CB8F3A /* SettingsCollectionViewController.swift in Sources */ = {isa = PBXBuildFile; fileRef = 27876E4827EF7F5400CB8F3A /* SettingsCollectionViewController.swift */; };
		27876E4B27EF7F8800CB8F3A /* SettingsViewModel.swift in Sources */ = {isa = PBXBuildFile; fileRef = 27876E4A27EF7F8800CB8F3A /* SettingsViewModel.swift */; };
		27876E4D27EF7FAE00CB8F3A /* SettingsViewController.swift in Sources */ = {isa = PBXBuildFile; fileRef = 27876E4C27EF7FAE00CB8F3A /* SettingsViewController.swift */; };
		27A3690E27E7737A00A837C8 /* NavigationController.swift in Sources */ = {isa = PBXBuildFile; fileRef = 27A3690D27E7737A00A837C8 /* NavigationController.swift */; };
		27A3691027E77DB000A837C8 /* NavigationBarAppearance.swift in Sources */ = {isa = PBXBuildFile; fileRef = 27A3690F27E77DB000A837C8 /* NavigationBarAppearance.swift */; };
		27A3691227E77DC600A837C8 /* NavigationBar.swift in Sources */ = {isa = PBXBuildFile; fileRef = 27A3691127E77DC600A837C8 /* NavigationBar.swift */; };
		27A3691527E77E4800A837C8 /* StringError.swift in Sources */ = {isa = PBXBuildFile; fileRef = 27A3691427E77E4800A837C8 /* StringError.swift */; };
		27A3691827E7917D00A837C8 /* Endpoint.swift in Sources */ = {isa = PBXBuildFile; fileRef = 27A3691727E7917D00A837C8 /* Endpoint.swift */; };
		27A3691A27E7919E00A837C8 /* PokemonEndpoint.swift in Sources */ = {isa = PBXBuildFile; fileRef = 27A3691927E7919E00A837C8 /* PokemonEndpoint.swift */; };
		27A3691C27E791B400A837C8 /* HTTPMethod.swift in Sources */ = {isa = PBXBuildFile; fileRef = 27A3691B27E791B400A837C8 /* HTTPMethod.swift */; };
		27A3691E27E791CC00A837C8 /* NetworkError.swift in Sources */ = {isa = PBXBuildFile; fileRef = 27A3691D27E791CC00A837C8 /* NetworkError.swift */; };
		27A3692127E7AC1C00A837C8 /* CollectionView.swift in Sources */ = {isa = PBXBuildFile; fileRef = 27A3692027E7AC1C00A837C8 /* CollectionView.swift */; };
		27A3692627E7B16A00A837C8 /* Color.swift in Sources */ = {isa = PBXBuildFile; fileRef = 27A3692527E7B16A00A837C8 /* Color.swift */; };
		27A3692B27E7B2E600A837C8 /* UIColor.swift in Sources */ = {isa = PBXBuildFile; fileRef = 27A3692A27E7B2E600A837C8 /* UIColor.swift */; };
		27A3692D27E7B80800A837C8 /* PokemonListViewModel.swift in Sources */ = {isa = PBXBuildFile; fileRef = 27A3692C27E7B80800A837C8 /* PokemonListViewModel.swift */; };
		27A3692F27E7B88100A837C8 /* Pokemon.swift in Sources */ = {isa = PBXBuildFile; fileRef = 27A3692E27E7B88100A837C8 /* Pokemon.swift */; };
		27BB675827D6D134003098D8 /* AppDelegate.swift in Sources */ = {isa = PBXBuildFile; fileRef = 27BB675727D6D134003098D8 /* AppDelegate.swift */; };
		27BB676127D6D135003098D8 /* Assets.xcassets in Resources */ = {isa = PBXBuildFile; fileRef = 27BB676027D6D135003098D8 /* Assets.xcassets */; };
		27BB676427D6D135003098D8 /* LaunchScreen.storyboard in Resources */ = {isa = PBXBuildFile; fileRef = 27BB676227D6D135003098D8 /* LaunchScreen.storyboard */; };
		27BB677927D6D135003098D8 /* PegasusUITests.swift in Sources */ = {isa = PBXBuildFile; fileRef = 27BB677827D6D135003098D8 /* PegasusUITests.swift */; };
		27BB677B27D6D135003098D8 /* PegasusUITestsLaunchTests.swift in Sources */ = {isa = PBXBuildFile; fileRef = 27BB677A27D6D135003098D8 /* PegasusUITestsLaunchTests.swift */; };
		27DF73B027F10F1D00EE35C8 /* pokedex.json in Resources */ = {isa = PBXBuildFile; fileRef = 27DF73AF27F10F1D00EE35C8 /* pokedex.json */; };
		27DF73B327F11C6000EE35C8 /* MainActor.swift in Sources */ = {isa = PBXBuildFile; fileRef = 27DF73B227F11C6000EE35C8 /* MainActor.swift */; };
		27DF73B727F1204B00EE35C8 /* PokemonListHeader.swift in Sources */ = {isa = PBXBuildFile; fileRef = 27DF73B627F1204B00EE35C8 /* PokemonListHeader.swift */; };
		27EED01B27E941F7002FB119 /* PokemonListCell.swift in Sources */ = {isa = PBXBuildFile; fileRef = 27EED01A27E941F7002FB119 /* PokemonListCell.swift */; };
		27EED01D27E945B9002FB119 /* PokemonListCollectionView.swift in Sources */ = {isa = PBXBuildFile; fileRef = 27EED01C27E945B9002FB119 /* PokemonListCollectionView.swift */; };
		27EED01F27E945C4002FB119 /* PokemonListCollectionViewLayout.swift in Sources */ = {isa = PBXBuildFile; fileRef = 27EED01E27E945C4002FB119 /* PokemonListCollectionViewLayout.swift */; };
		27EED02127E94631002FB119 /* CollectionViewFlowLayout.swift in Sources */ = {isa = PBXBuildFile; fileRef = 27EED02027E94631002FB119 /* CollectionViewFlowLayout.swift */; };
/* End PBXBuildFile section */

/* Begin PBXContainerItemProxy section */
		27BB676B27D6D135003098D8 /* PBXContainerItemProxy */ = {
			isa = PBXContainerItemProxy;
			containerPortal = 27BB674C27D6D134003098D8 /* Project object */;
			proxyType = 1;
			remoteGlobalIDString = 27BB675327D6D134003098D8;
			remoteInfo = Pegasus;
		};
		27BB677527D6D135003098D8 /* PBXContainerItemProxy */ = {
			isa = PBXContainerItemProxy;
			containerPortal = 27BB674C27D6D134003098D8 /* Project object */;
			proxyType = 1;
			remoteGlobalIDString = 27BB675327D6D134003098D8;
			remoteInfo = Pegasus;
		};
/* End PBXContainerItemProxy section */

/* Begin PBXFileReference section */
		27276ADA27F4B6AD00F890B8 /* PokemonListHeaderViewModel.swift */ = {isa = PBXFileReference; lastKnownFileType = sourcecode.swift; path = PokemonListHeaderViewModel.swift; sourceTree = "<group>"; };
		27276ADC27F4B6C500F890B8 /* PokemonListHeaderViewModelAttributer.swift */ = {isa = PBXFileReference; lastKnownFileType = sourcecode.swift; path = PokemonListHeaderViewModelAttributer.swift; sourceTree = "<group>"; };
		27276ADE27F4B8CF00F890B8 /* PokemonListHeaderStringFormatter.swift */ = {isa = PBXFileReference; lastKnownFileType = sourcecode.swift; path = PokemonListHeaderStringFormatter.swift; sourceTree = "<group>"; };
		27276AE027F4BA1200F890B8 /* CollectionReusableView.swift */ = {isa = PBXFileReference; lastKnownFileType = sourcecode.swift; path = CollectionReusableView.swift; sourceTree = "<group>"; };
		27276AE227F4BAD500F890B8 /* PokedexRegion.swift */ = {isa = PBXFileReference; lastKnownFileType = sourcecode.swift; path = PokedexRegion.swift; sourceTree = "<group>"; };
		27276AE427F4BB4900F890B8 /* PokemonListCellViewModel.swift */ = {isa = PBXFileReference; lastKnownFileType = sourcecode.swift; path = PokemonListCellViewModel.swift; sourceTree = "<group>"; };
		27276AE627F4C1BD00F890B8 /* NSDirectionalEdgeInsets.swift */ = {isa = PBXFileReference; lastKnownFileType = sourcecode.swift; path = NSDirectionalEdgeInsets.swift; sourceTree = "<group>"; };
		27276AEA27F4CB9500F890B8 /* RefinementViewController.swift */ = {isa = PBXFileReference; lastKnownFileType = sourcecode.swift; path = RefinementViewController.swift; sourceTree = "<group>"; };
		27276AEC27F4CBAE00F890B8 /* RefinementCoordinator.swift */ = {isa = PBXFileReference; lastKnownFileType = sourcecode.swift; path = RefinementCoordinator.swift; sourceTree = "<group>"; };
		27276AEE27F4CBB500F890B8 /* RefinementViewModel.swift */ = {isa = PBXFileReference; lastKnownFileType = sourcecode.swift; path = RefinementViewModel.swift; sourceTree = "<group>"; };
		27276AF127F50E8600F890B8 /* PokemonDetailsCoordinator.swift */ = {isa = PBXFileReference; lastKnownFileType = sourcecode.swift; path = PokemonDetailsCoordinator.swift; sourceTree = "<group>"; };
		27276AF327F50EA000F890B8 /* PokemonDetailsViewController.swift */ = {isa = PBXFileReference; lastKnownFileType = sourcecode.swift; path = PokemonDetailsViewController.swift; sourceTree = "<group>"; };
		27276AF527F50EAF00F890B8 /* PokemonDetailsViewModel.swift */ = {isa = PBXFileReference; lastKnownFileType = sourcecode.swift; path = PokemonDetailsViewModel.swift; sourceTree = "<group>"; };
		27276AF727F5209A00F890B8 /* PokemonDetailsScrollView.swift */ = {isa = PBXFileReference; lastKnownFileType = sourcecode.swift; path = PokemonDetailsScrollView.swift; sourceTree = "<group>"; };
		27276AF927F522A700F890B8 /* ScrollView.swift */ = {isa = PBXFileReference; lastKnownFileType = sourcecode.swift; path = ScrollView.swift; sourceTree = "<group>"; };
		27276AFB27F52C3500F890B8 /* PokemonListSearchController.swift */ = {isa = PBXFileReference; lastKnownFileType = sourcecode.swift; path = PokemonListSearchController.swift; sourceTree = "<group>"; };
		272A160D27E7CE0A0057255F /* NetworkManifest.swift */ = {isa = PBXFileReference; lastKnownFileType = sourcecode.swift; path = NetworkManifest.swift; sourceTree = "<group>"; };
		272A160F27E7CE5E0057255F /* PokemonListLoader.swift */ = {isa = PBXFileReference; lastKnownFileType = sourcecode.swift; path = PokemonListLoader.swift; sourceTree = "<group>"; };
		272A161127E7D59D0057255F /* NetworkResponseParser.swift */ = {isa = PBXFileReference; lastKnownFileType = sourcecode.swift; path = NetworkResponseParser.swift; sourceTree = "<group>"; };
		272A161527E7DA460057255F /* URLScheme.swift */ = {isa = PBXFileReference; lastKnownFileType = sourcecode.swift; path = URLScheme.swift; sourceTree = "<group>"; };
		272A161727E7F03E0057255F /* QueryKey.swift */ = {isa = PBXFileReference; lastKnownFileType = sourcecode.swift; path = QueryKey.swift; sourceTree = "<group>"; };
		272A161927E7F0C20057255F /* Int.swift */ = {isa = PBXFileReference; lastKnownFileType = sourcecode.swift; path = Int.swift; sourceTree = "<group>"; };
		272A161B27E7F5E30057255F /* UICollectionView.swift */ = {isa = PBXFileReference; lastKnownFileType = sourcecode.swift; path = UICollectionView.swift; sourceTree = "<group>"; };
		272A161D27E7F5FA0057255F /* UICollectionViewCell.swift */ = {isa = PBXFileReference; lastKnownFileType = sourcecode.swift; path = UICollectionViewCell.swift; sourceTree = "<group>"; };
		272A162027E7F6460057255F /* CellDequeuable.swift */ = {isa = PBXFileReference; lastKnownFileType = sourcecode.swift; path = CellDequeuable.swift; sourceTree = "<group>"; };
		272A162227E7F65D0057255F /* CellRegistable.swift */ = {isa = PBXFileReference; lastKnownFileType = sourcecode.swift; path = CellRegistable.swift; sourceTree = "<group>"; };
		272A162427E7F6760057255F /* Identifiable.swift */ = {isa = PBXFileReference; lastKnownFileType = sourcecode.swift; path = Identifiable.swift; sourceTree = "<group>"; };
		2754FCEE27F5E8C700F3092A /* SearchController.swift */ = {isa = PBXFileReference; lastKnownFileType = sourcecode.swift; path = SearchController.swift; sourceTree = "<group>"; };
		2754FCF127F5EABF00F3092A /* PokemonListHeaderStringFormatterTests.swift */ = {isa = PBXFileReference; lastKnownFileType = sourcecode.swift; path = PokemonListHeaderStringFormatterTests.swift; sourceTree = "<group>"; };
		2754FCF327F5EC5200F3092A /* PokemonListHeaderViewModelTests.swift */ = {isa = PBXFileReference; lastKnownFileType = sourcecode.swift; path = PokemonListHeaderViewModelTests.swift; sourceTree = "<group>"; };
		2773B73427D6D5D800C845DE /* PokemonListViewController.swift */ = {isa = PBXFileReference; lastKnownFileType = sourcecode.swift; path = PokemonListViewController.swift; sourceTree = "<group>"; };
		2773B73627D6D5E800C845DE /* PokemonListCollectionViewController.swift */ = {isa = PBXFileReference; lastKnownFileType = sourcecode.swift; path = PokemonListCollectionViewController.swift; sourceTree = "<group>"; };
		2773B73A27D6D6A500C845DE /* ViewController.swift */ = {isa = PBXFileReference; lastKnownFileType = sourcecode.swift; path = ViewController.swift; sourceTree = "<group>"; };
		2773B73C27D6D7F100C845DE /* PokemonListCoordinator.swift */ = {isa = PBXFileReference; lastKnownFileType = sourcecode.swift; path = PokemonListCoordinator.swift; sourceTree = "<group>"; };
		2773B73E27D6E17B00C845DE /* CollectionViewController.swift */ = {isa = PBXFileReference; lastKnownFileType = sourcecode.swift; path = CollectionViewController.swift; sourceTree = "<group>"; };
		2773B74127D6E21500C845DE /* UIViewController.swift */ = {isa = PBXFileReference; lastKnownFileType = sourcecode.swift; path = UIViewController.swift; sourceTree = "<group>"; };
		2773B74627D826A900C845DE /* NetworkEngine.swift */ = {isa = PBXFileReference; lastKnownFileType = sourcecode.swift; path = NetworkEngine.swift; sourceTree = "<group>"; };
		2781FCB527EFBB390060EF60 /* String.swift */ = {isa = PBXFileReference; lastKnownFileType = sourcecode.swift; path = String.swift; sourceTree = "<group>"; };
		2781FCB727F0CB590060EF60 /* DependencyContainer.swift */ = {isa = PBXFileReference; lastKnownFileType = sourcecode.swift; path = DependencyContainer.swift; sourceTree = "<group>"; };
		2781FCB927F0CB7B0060EF60 /* ViewControllerRepresentable.swift */ = {isa = PBXFileReference; lastKnownFileType = sourcecode.swift; path = ViewControllerRepresentable.swift; sourceTree = "<group>"; };
		2781FCBB27F0CC190060EF60 /* UIImage+System.swift */ = {isa = PBXFileReference; lastKnownFileType = sourcecode.swift; path = "UIImage+System.swift"; sourceTree = "<group>"; };
		2781FCBD27F0E01E0060EF60 /* UIView.swift */ = {isa = PBXFileReference; lastKnownFileType = sourcecode.swift; path = UIView.swift; sourceTree = "<group>"; };
		2781FCBF27F0E67B0060EF60 /* HTTPHeader.swift */ = {isa = PBXFileReference; lastKnownFileType = sourcecode.swift; path = HTTPHeader.swift; sourceTree = "<group>"; };
		2781FCC127F0E6C50060EF60 /* HeaderKey.swift */ = {isa = PBXFileReference; lastKnownFileType = sourcecode.swift; path = HeaderKey.swift; sourceTree = "<group>"; };
		27876E3727EF574800CB8F3A /* PokemonFormatterTests.swift */ = {isa = PBXFileReference; lastKnownFileType = sourcecode.swift; path = PokemonFormatterTests.swift; sourceTree = "<group>"; };
		27876E3B27EF782B00CB8F3A /* AppCoordinator.swift */ = {isa = PBXFileReference; lastKnownFileType = sourcecode.swift; path = AppCoordinator.swift; sourceTree = "<group>"; };
		27876E3D27EF784E00CB8F3A /* Coordinator.swift */ = {isa = PBXFileReference; lastKnownFileType = sourcecode.swift; path = Coordinator.swift; sourceTree = "<group>"; };
		27876E4027EF7B9B00CB8F3A /* Navigator.swift */ = {isa = PBXFileReference; lastKnownFileType = sourcecode.swift; path = Navigator.swift; sourceTree = "<group>"; };
		27876E4327EF7C3300CB8F3A /* TabBarCoordinator.swift */ = {isa = PBXFileReference; lastKnownFileType = sourcecode.swift; path = TabBarCoordinator.swift; sourceTree = "<group>"; };
		27876E4627EF7F0300CB8F3A /* SettingsCoordinator.swift */ = {isa = PBXFileReference; lastKnownFileType = sourcecode.swift; path = SettingsCoordinator.swift; sourceTree = "<group>"; };
		27876E4827EF7F5400CB8F3A /* SettingsCollectionViewController.swift */ = {isa = PBXFileReference; lastKnownFileType = sourcecode.swift; path = SettingsCollectionViewController.swift; sourceTree = "<group>"; };
		27876E4A27EF7F8800CB8F3A /* SettingsViewModel.swift */ = {isa = PBXFileReference; lastKnownFileType = sourcecode.swift; path = SettingsViewModel.swift; sourceTree = "<group>"; };
		27876E4C27EF7FAE00CB8F3A /* SettingsViewController.swift */ = {isa = PBXFileReference; lastKnownFileType = sourcecode.swift; path = SettingsViewController.swift; sourceTree = "<group>"; };
		27A3690D27E7737A00A837C8 /* NavigationController.swift */ = {isa = PBXFileReference; lastKnownFileType = sourcecode.swift; path = NavigationController.swift; sourceTree = "<group>"; };
		27A3690F27E77DB000A837C8 /* NavigationBarAppearance.swift */ = {isa = PBXFileReference; lastKnownFileType = sourcecode.swift; path = NavigationBarAppearance.swift; sourceTree = "<group>"; };
		27A3691127E77DC600A837C8 /* NavigationBar.swift */ = {isa = PBXFileReference; lastKnownFileType = sourcecode.swift; path = NavigationBar.swift; sourceTree = "<group>"; };
		27A3691427E77E4800A837C8 /* StringError.swift */ = {isa = PBXFileReference; lastKnownFileType = sourcecode.swift; path = StringError.swift; sourceTree = "<group>"; };
		27A3691727E7917D00A837C8 /* Endpoint.swift */ = {isa = PBXFileReference; lastKnownFileType = sourcecode.swift; path = Endpoint.swift; sourceTree = "<group>"; };
		27A3691927E7919E00A837C8 /* PokemonEndpoint.swift */ = {isa = PBXFileReference; lastKnownFileType = sourcecode.swift; path = PokemonEndpoint.swift; sourceTree = "<group>"; };
		27A3691B27E791B400A837C8 /* HTTPMethod.swift */ = {isa = PBXFileReference; lastKnownFileType = sourcecode.swift; path = HTTPMethod.swift; sourceTree = "<group>"; };
		27A3691D27E791CC00A837C8 /* NetworkError.swift */ = {isa = PBXFileReference; lastKnownFileType = sourcecode.swift; path = NetworkError.swift; sourceTree = "<group>"; };
		27A3692027E7AC1C00A837C8 /* CollectionView.swift */ = {isa = PBXFileReference; lastKnownFileType = sourcecode.swift; path = CollectionView.swift; sourceTree = "<group>"; };
		27A3692527E7B16A00A837C8 /* Color.swift */ = {isa = PBXFileReference; lastKnownFileType = sourcecode.swift; path = Color.swift; sourceTree = "<group>"; };
		27A3692A27E7B2E600A837C8 /* UIColor.swift */ = {isa = PBXFileReference; lastKnownFileType = sourcecode.swift; path = UIColor.swift; sourceTree = "<group>"; };
		27A3692C27E7B80800A837C8 /* PokemonListViewModel.swift */ = {isa = PBXFileReference; lastKnownFileType = sourcecode.swift; path = PokemonListViewModel.swift; sourceTree = "<group>"; };
		27A3692E27E7B88100A837C8 /* Pokemon.swift */ = {isa = PBXFileReference; lastKnownFileType = sourcecode.swift; path = Pokemon.swift; sourceTree = "<group>"; };
		27BB675427D6D134003098D8 /* Pegasus.app */ = {isa = PBXFileReference; explicitFileType = wrapper.application; includeInIndex = 0; path = Pegasus.app; sourceTree = BUILT_PRODUCTS_DIR; };
		27BB675727D6D134003098D8 /* AppDelegate.swift */ = {isa = PBXFileReference; lastKnownFileType = sourcecode.swift; path = AppDelegate.swift; sourceTree = "<group>"; };
		27BB676027D6D135003098D8 /* Assets.xcassets */ = {isa = PBXFileReference; lastKnownFileType = folder.assetcatalog; path = Assets.xcassets; sourceTree = "<group>"; };
		27BB676327D6D135003098D8 /* Base */ = {isa = PBXFileReference; lastKnownFileType = file.storyboard; name = Base; path = Base.lproj/LaunchScreen.storyboard; sourceTree = "<group>"; };
		27BB676527D6D135003098D8 /* Info.plist */ = {isa = PBXFileReference; lastKnownFileType = text.plist.xml; path = Info.plist; sourceTree = "<group>"; };
		27BB676A27D6D135003098D8 /* PegasusTests.xctest */ = {isa = PBXFileReference; explicitFileType = wrapper.cfbundle; includeInIndex = 0; path = PegasusTests.xctest; sourceTree = BUILT_PRODUCTS_DIR; };
		27BB677427D6D135003098D8 /* PegasusUITests.xctest */ = {isa = PBXFileReference; explicitFileType = wrapper.cfbundle; includeInIndex = 0; path = PegasusUITests.xctest; sourceTree = BUILT_PRODUCTS_DIR; };
		27BB677827D6D135003098D8 /* PegasusUITests.swift */ = {isa = PBXFileReference; lastKnownFileType = sourcecode.swift; path = PegasusUITests.swift; sourceTree = "<group>"; };
		27BB677A27D6D135003098D8 /* PegasusUITestsLaunchTests.swift */ = {isa = PBXFileReference; lastKnownFileType = sourcecode.swift; path = PegasusUITestsLaunchTests.swift; sourceTree = "<group>"; };
		27DF73AF27F10F1D00EE35C8 /* pokedex.json */ = {isa = PBXFileReference; lastKnownFileType = text.json; path = pokedex.json; sourceTree = "<group>"; };
		27DF73B227F11C6000EE35C8 /* MainActor.swift */ = {isa = PBXFileReference; lastKnownFileType = sourcecode.swift; path = MainActor.swift; sourceTree = "<group>"; };
		27DF73B627F1204B00EE35C8 /* PokemonListHeader.swift */ = {isa = PBXFileReference; lastKnownFileType = sourcecode.swift; path = PokemonListHeader.swift; sourceTree = "<group>"; };
		27EED01A27E941F7002FB119 /* PokemonListCell.swift */ = {isa = PBXFileReference; lastKnownFileType = sourcecode.swift; path = PokemonListCell.swift; sourceTree = "<group>"; };
		27EED01C27E945B9002FB119 /* PokemonListCollectionView.swift */ = {isa = PBXFileReference; lastKnownFileType = sourcecode.swift; path = PokemonListCollectionView.swift; sourceTree = "<group>"; };
		27EED01E27E945C4002FB119 /* PokemonListCollectionViewLayout.swift */ = {isa = PBXFileReference; lastKnownFileType = sourcecode.swift; path = PokemonListCollectionViewLayout.swift; sourceTree = "<group>"; };
		27EED02027E94631002FB119 /* CollectionViewFlowLayout.swift */ = {isa = PBXFileReference; lastKnownFileType = sourcecode.swift; path = CollectionViewFlowLayout.swift; sourceTree = "<group>"; };
/* End PBXFileReference section */

/* Begin PBXFrameworksBuildPhase section */
		27BB675127D6D134003098D8 /* Frameworks */ = {
			isa = PBXFrameworksBuildPhase;
			buildActionMask = 2147483647;
			files = (
			);
			runOnlyForDeploymentPostprocessing = 0;
		};
		27BB676727D6D135003098D8 /* Frameworks */ = {
			isa = PBXFrameworksBuildPhase;
			buildActionMask = 2147483647;
			files = (
			);
			runOnlyForDeploymentPostprocessing = 0;
		};
		27BB677127D6D135003098D8 /* Frameworks */ = {
			isa = PBXFrameworksBuildPhase;
			buildActionMask = 2147483647;
			files = (
			);
			runOnlyForDeploymentPostprocessing = 0;
		};
/* End PBXFrameworksBuildPhase section */

/* Begin PBXGroup section */
		27276AE827F4CB8100F890B8 /* Contexts */ = {
			isa = PBXGroup;
			children = (
				27276AF027F50E7300F890B8 /* Details */,
				27276AE927F4CB8800F890B8 /* Refinement */,
			);
			path = Contexts;
			sourceTree = "<group>";
		};
		27276AE927F4CB8800F890B8 /* Refinement */ = {
			isa = PBXGroup;
			children = (
				27276AEC27F4CBAE00F890B8 /* RefinementCoordinator.swift */,
				27276AEA27F4CB9500F890B8 /* RefinementViewController.swift */,
				27276AEE27F4CBB500F890B8 /* RefinementViewModel.swift */,
			);
			path = Refinement;
			sourceTree = "<group>";
		};
		27276AF027F50E7300F890B8 /* Details */ = {
			isa = PBXGroup;
			children = (
				27276AF127F50E8600F890B8 /* PokemonDetailsCoordinator.swift */,
				27276AF727F5209A00F890B8 /* PokemonDetailsScrollView.swift */,
				27276AF327F50EA000F890B8 /* PokemonDetailsViewController.swift */,
				27276AF527F50EAF00F890B8 /* PokemonDetailsViewModel.swift */,
			);
			path = Details;
			sourceTree = "<group>";
		};
		272A161F27E7F62F0057255F /* Protocols */ = {
			isa = PBXGroup;
			children = (
				272A162027E7F6460057255F /* CellDequeuable.swift */,
				272A162227E7F65D0057255F /* CellRegistable.swift */,
				27876E3D27EF784E00CB8F3A /* Coordinator.swift */,
				272A162427E7F6760057255F /* Identifiable.swift */,
				2781FCB927F0CB7B0060EF60 /* ViewControllerRepresentable.swift */,
			);
			path = Protocols;
			sourceTree = "<group>";
		};
		2754FCF027F5EAAA00F3092A /* Headers */ = {
			isa = PBXGroup;
			children = (
				2754FCF127F5EABF00F3092A /* PokemonListHeaderStringFormatterTests.swift */,
				2754FCF327F5EC5200F3092A /* PokemonListHeaderViewModelTests.swift */,
			);
			path = Headers;
			sourceTree = "<group>";
		};
		2773B73027D6D41500C845DE /* Application */ = {
			isa = PBXGroup;
			children = (
				27876E3B27EF782B00CB8F3A /* AppCoordinator.swift */,
				27BB675727D6D134003098D8 /* AppDelegate.swift */,
				2781FCB727F0CB590060EF60 /* DependencyContainer.swift */,
				27876E4027EF7B9B00CB8F3A /* Navigator.swift */,
				27876E4327EF7C3300CB8F3A /* TabBarCoordinator.swift */,
			);
			path = Application;
			sourceTree = "<group>";
		};
		2773B73127D6D42300C845DE /* Supporting Files */ = {
			isa = PBXGroup;
			children = (
				27BB676027D6D135003098D8 /* Assets.xcassets */,
				27BB676227D6D135003098D8 /* LaunchScreen.storyboard */,
				27BB676527D6D135003098D8 /* Info.plist */,
				27DF73AF27F10F1D00EE35C8 /* pokedex.json */,
			);
			path = "Supporting Files";
			sourceTree = "<group>";
		};
		2773B73227D6D59B00C845DE /* Contexts */ = {
			isa = PBXGroup;
			children = (
				27876E4527EF7EF600CB8F3A /* Settings */,
				2773B73327D6D5AD00C845DE /* Pokemon List */,
			);
			path = Contexts;
			sourceTree = "<group>";
		};
		2773B73327D6D5AD00C845DE /* Pokemon List */ = {
			isa = PBXGroup;
			children = (
				27276AE827F4CB8100F890B8 /* Contexts */,
				27EED01927E941E6002FB119 /* Cells */,
				27DF73B427F11FF600EE35C8 /* Headers */,
				27DF73B127F1155A00EE35C8 /* Model */,
				27EED01C27E945B9002FB119 /* PokemonListCollectionView.swift */,
				2773B73627D6D5E800C845DE /* PokemonListCollectionViewController.swift */,
				27EED01E27E945C4002FB119 /* PokemonListCollectionViewLayout.swift */,
				2773B73C27D6D7F100C845DE /* PokemonListCoordinator.swift */,
				272A160F27E7CE5E0057255F /* PokemonListLoader.swift */,
				2773B73427D6D5D800C845DE /* PokemonListViewController.swift */,
				27A3692C27E7B80800A837C8 /* PokemonListViewModel.swift */,
				27276AFB27F52C3500F890B8 /* PokemonListSearchController.swift */,
			);
			name = "Pokemon List";
			path = "Pokémon List";
			sourceTree = "<group>";
		};
		2773B73827D6D68F00C845DE /* Classes */ = {
			isa = PBXGroup;
			children = (
				2773B73927D6D69400C845DE /* UIKit */,
			);
			path = Classes;
			sourceTree = "<group>";
		};
		2773B73927D6D69400C845DE /* UIKit */ = {
			isa = PBXGroup;
			children = (
				27276AE027F4BA1200F890B8 /* CollectionReusableView.swift */,
				27A3692027E7AC1C00A837C8 /* CollectionView.swift */,
				2773B73E27D6E17B00C845DE /* CollectionViewController.swift */,
				27EED02027E94631002FB119 /* CollectionViewFlowLayout.swift */,
				27A3691127E77DC600A837C8 /* NavigationBar.swift */,
				27A3690F27E77DB000A837C8 /* NavigationBarAppearance.swift */,
				27A3690D27E7737A00A837C8 /* NavigationController.swift */,
				27276AF927F522A700F890B8 /* ScrollView.swift */,
				2754FCEE27F5E8C700F3092A /* SearchController.swift */,
				2773B73A27D6D6A500C845DE /* ViewController.swift */,
			);
			path = UIKit;
			sourceTree = "<group>";
		};
		2773B74027D6E20900C845DE /* Extensions */ = {
			isa = PBXGroup;
			children = (
				272A161927E7F0C20057255F /* Int.swift */,
				27DF73B227F11C6000EE35C8 /* MainActor.swift */,
				27276AE627F4C1BD00F890B8 /* NSDirectionalEdgeInsets.swift */,
				2781FCB527EFBB390060EF60 /* String.swift */,
				272A161B27E7F5E30057255F /* UICollectionView.swift */,
				272A161D27E7F5FA0057255F /* UICollectionViewCell.swift */,
				27A3692A27E7B2E600A837C8 /* UIColor.swift */,
				2781FCBB27F0CC190060EF60 /* UIImage+System.swift */,
				2781FCBD27F0E01E0060EF60 /* UIView.swift */,
				2773B74127D6E21500C845DE /* UIViewController.swift */,
			);
			path = Extensions;
			sourceTree = "<group>";
		};
		2773B74327D8264300C845DE /* Network */ = {
			isa = PBXGroup;
			children = (
				2773B74427D8265E00C845DE /* Classes */,
				2773B74527D8266400C845DE /* Enumerations */,
				27A3691627E7917300A837C8 /* Protocols */,
			);
			path = Network;
			sourceTree = "<group>";
		};
		2773B74427D8265E00C845DE /* Classes */ = {
			isa = PBXGroup;
			children = (
				2773B74627D826A900C845DE /* NetworkEngine.swift */,
				272A160D27E7CE0A0057255F /* NetworkManifest.swift */,
				272A161127E7D59D0057255F /* NetworkResponseParser.swift */,
				2781FCBF27F0E67B0060EF60 /* HTTPHeader.swift */,
			);
			path = Classes;
			sourceTree = "<group>";
		};
		2773B74527D8266400C845DE /* Enumerations */ = {
			isa = PBXGroup;
			children = (
				27A3691B27E791B400A837C8 /* HTTPMethod.swift */,
				27A3691D27E791CC00A837C8 /* NetworkError.swift */,
				27A3691927E7919E00A837C8 /* PokemonEndpoint.swift */,
				272A161727E7F03E0057255F /* QueryKey.swift */,
				272A161527E7DA460057255F /* URLScheme.swift */,
				2781FCC127F0E6C50060EF60 /* HeaderKey.swift */,
			);
			path = Enumerations;
			sourceTree = "<group>";
		};
		27876E3427EF570800CB8F3A /* Tests */ = {
			isa = PBXGroup;
			children = (
				27876E3527EF571200CB8F3A /* Contexts */,
			);
			path = Tests;
			sourceTree = "<group>";
		};
		27876E3527EF571200CB8F3A /* Contexts */ = {
			isa = PBXGroup;
			children = (
				27876E3627EF571A00CB8F3A /* Pokemon List */,
			);
			path = Contexts;
			sourceTree = "<group>";
		};
		27876E3627EF571A00CB8F3A /* Pokemon List */ = {
			isa = PBXGroup;
			children = (
				2754FCF027F5EAAA00F3092A /* Headers */,
				27876E3727EF574800CB8F3A /* PokemonFormatterTests.swift */,
			);
			path = "Pokemon List";
			sourceTree = "<group>";
		};
		27876E4527EF7EF600CB8F3A /* Settings */ = {
			isa = PBXGroup;
			children = (
				27876E4827EF7F5400CB8F3A /* SettingsCollectionViewController.swift */,
				27876E4627EF7F0300CB8F3A /* SettingsCoordinator.swift */,
				27876E4C27EF7FAE00CB8F3A /* SettingsViewController.swift */,
				27876E4A27EF7F8800CB8F3A /* SettingsViewModel.swift */,
			);
			path = Settings;
			sourceTree = "<group>";
		};
		27A3691327E77E2C00A837C8 /* Enumerations */ = {
			isa = PBXGroup;
			children = (
				27A3692527E7B16A00A837C8 /* Color.swift */,
				27A3691427E77E4800A837C8 /* StringError.swift */,
			);
			path = Enumerations;
			sourceTree = "<group>";
		};
		27A3691627E7917300A837C8 /* Protocols */ = {
			isa = PBXGroup;
			children = (
				27A3691727E7917D00A837C8 /* Endpoint.swift */,
			);
			path = Protocols;
			sourceTree = "<group>";
		};
		27BB674B27D6D134003098D8 = {
			isa = PBXGroup;
			children = (
				27BB675627D6D134003098D8 /* Pegasus */,
				27BB676D27D6D135003098D8 /* PegasusTests */,
				27BB677727D6D135003098D8 /* PegasusUITests */,
				27BB675527D6D134003098D8 /* Products */,
			);
			sourceTree = "<group>";
		};
		27BB675527D6D134003098D8 /* Products */ = {
			isa = PBXGroup;
			children = (
				27BB675427D6D134003098D8 /* Pegasus.app */,
				27BB676A27D6D135003098D8 /* PegasusTests.xctest */,
				27BB677427D6D135003098D8 /* PegasusUITests.xctest */,
			);
			name = Products;
			sourceTree = "<group>";
		};
		27BB675627D6D134003098D8 /* Pegasus */ = {
			isa = PBXGroup;
			children = (
				2773B73027D6D41500C845DE /* Application */,
				2773B73827D6D68F00C845DE /* Classes */,
				2773B73227D6D59B00C845DE /* Contexts */,
				27A3691327E77E2C00A837C8 /* Enumerations */,
				2773B74027D6E20900C845DE /* Extensions */,
				2773B74327D8264300C845DE /* Network */,
				272A161F27E7F62F0057255F /* Protocols */,
				2773B73127D6D42300C845DE /* Supporting Files */,
			);
			path = Pegasus;
			sourceTree = "<group>";
		};
		27BB676D27D6D135003098D8 /* PegasusTests */ = {
			isa = PBXGroup;
			children = (
				27876E3427EF570800CB8F3A /* Tests */,
			);
			path = PegasusTests;
			sourceTree = "<group>";
		};
		27BB677727D6D135003098D8 /* PegasusUITests */ = {
			isa = PBXGroup;
			children = (
				27BB677827D6D135003098D8 /* PegasusUITests.swift */,
				27BB677A27D6D135003098D8 /* PegasusUITestsLaunchTests.swift */,
			);
			path = PegasusUITests;
			sourceTree = "<group>";
		};
		27DF73B127F1155A00EE35C8 /* Model */ = {
			isa = PBXGroup;
			children = (
				27A3692E27E7B88100A837C8 /* Pokemon.swift */,
				27276AE227F4BAD500F890B8 /* PokedexRegion.swift */,
			);
			path = Model;
			sourceTree = "<group>";
		};
		27DF73B427F11FF600EE35C8 /* Headers */ = {
			isa = PBXGroup;
			children = (
				27DF73B627F1204B00EE35C8 /* PokemonListHeader.swift */,
				27276ADE27F4B8CF00F890B8 /* PokemonListHeaderStringFormatter.swift */,
				27276ADA27F4B6AD00F890B8 /* PokemonListHeaderViewModel.swift */,
				27276ADC27F4B6C500F890B8 /* PokemonListHeaderViewModelAttributer.swift */,
			);
			path = Headers;
			sourceTree = "<group>";
		};
		27EED01927E941E6002FB119 /* Cells */ = {
			isa = PBXGroup;
			children = (
				27EED01A27E941F7002FB119 /* PokemonListCell.swift */,
				27276AE427F4BB4900F890B8 /* PokemonListCellViewModel.swift */,
			);
			path = Cells;
			sourceTree = "<group>";
		};
/* End PBXGroup section */

/* Begin PBXNativeTarget section */
		27BB675327D6D134003098D8 /* Pegasus */ = {
			isa = PBXNativeTarget;
			buildConfigurationList = 27BB677E27D6D135003098D8 /* Build configuration list for PBXNativeTarget "Pegasus" */;
			buildPhases = (
				27BB675027D6D134003098D8 /* Sources */,
				27BB675127D6D134003098D8 /* Frameworks */,
				27BB675227D6D134003098D8 /* Resources */,
				27A3691F27E7A06200A837C8 /* SwiftLint */,
			);
			buildRules = (
			);
			dependencies = (
			);
			name = Pegasus;
			productName = Pegasus;
			productReference = 27BB675427D6D134003098D8 /* Pegasus.app */;
			productType = "com.apple.product-type.application";
		};
		27BB676927D6D135003098D8 /* PegasusTests */ = {
			isa = PBXNativeTarget;
			buildConfigurationList = 27BB678127D6D135003098D8 /* Build configuration list for PBXNativeTarget "PegasusTests" */;
			buildPhases = (
				27BB676627D6D135003098D8 /* Sources */,
				27BB676727D6D135003098D8 /* Frameworks */,
				27BB676827D6D135003098D8 /* Resources */,
			);
			buildRules = (
			);
			dependencies = (
				27BB676C27D6D135003098D8 /* PBXTargetDependency */,
			);
			name = PegasusTests;
			productName = PegasusTests;
			productReference = 27BB676A27D6D135003098D8 /* PegasusTests.xctest */;
			productType = "com.apple.product-type.bundle.unit-test";
		};
		27BB677327D6D135003098D8 /* PegasusUITests */ = {
			isa = PBXNativeTarget;
			buildConfigurationList = 27BB678427D6D135003098D8 /* Build configuration list for PBXNativeTarget "PegasusUITests" */;
			buildPhases = (
				27BB677027D6D135003098D8 /* Sources */,
				27BB677127D6D135003098D8 /* Frameworks */,
				27BB677227D6D135003098D8 /* Resources */,
			);
			buildRules = (
			);
			dependencies = (
				27BB677627D6D135003098D8 /* PBXTargetDependency */,
			);
			name = PegasusUITests;
			productName = PegasusUITests;
			productReference = 27BB677427D6D135003098D8 /* PegasusUITests.xctest */;
			productType = "com.apple.product-type.bundle.ui-testing";
		};
/* End PBXNativeTarget section */

/* Begin PBXProject section */
		27BB674C27D6D134003098D8 /* Project object */ = {
			isa = PBXProject;
			attributes = {
				BuildIndependentTargetsInParallel = 1;
				LastSwiftUpdateCheck = 1320;
				LastUpgradeCheck = 1320;
				TargetAttributes = {
					27BB675327D6D134003098D8 = {
						CreatedOnToolsVersion = 13.2.1;
					};
					27BB676927D6D135003098D8 = {
						CreatedOnToolsVersion = 13.2.1;
						TestTargetID = 27BB675327D6D134003098D8;
					};
					27BB677327D6D135003098D8 = {
						CreatedOnToolsVersion = 13.2.1;
						TestTargetID = 27BB675327D6D134003098D8;
					};
				};
			};
			buildConfigurationList = 27BB674F27D6D134003098D8 /* Build configuration list for PBXProject "Pegasus" */;
			compatibilityVersion = "Xcode 13.0";
			developmentRegion = en;
			hasScannedForEncodings = 0;
			knownRegions = (
				en,
				Base,
			);
			mainGroup = 27BB674B27D6D134003098D8;
			productRefGroup = 27BB675527D6D134003098D8 /* Products */;
			projectDirPath = "";
			projectRoot = "";
			targets = (
				27BB675327D6D134003098D8 /* Pegasus */,
				27BB676927D6D135003098D8 /* PegasusTests */,
				27BB677327D6D135003098D8 /* PegasusUITests */,
			);
		};
/* End PBXProject section */

/* Begin PBXResourcesBuildPhase section */
		27BB675227D6D134003098D8 /* Resources */ = {
			isa = PBXResourcesBuildPhase;
			buildActionMask = 2147483647;
			files = (
				27DF73B027F10F1D00EE35C8 /* pokedex.json in Resources */,
				27BB676427D6D135003098D8 /* LaunchScreen.storyboard in Resources */,
				27BB676127D6D135003098D8 /* Assets.xcassets in Resources */,
			);
			runOnlyForDeploymentPostprocessing = 0;
		};
		27BB676827D6D135003098D8 /* Resources */ = {
			isa = PBXResourcesBuildPhase;
			buildActionMask = 2147483647;
			files = (
			);
			runOnlyForDeploymentPostprocessing = 0;
		};
		27BB677227D6D135003098D8 /* Resources */ = {
			isa = PBXResourcesBuildPhase;
			buildActionMask = 2147483647;
			files = (
			);
			runOnlyForDeploymentPostprocessing = 0;
		};
/* End PBXResourcesBuildPhase section */

/* Begin PBXShellScriptBuildPhase section */
		27A3691F27E7A06200A837C8 /* SwiftLint */ = {
			isa = PBXShellScriptBuildPhase;
			buildActionMask = 2147483647;
			files = (
			);
			inputFileListPaths = (
			);
			inputPaths = (
			);
			name = SwiftLint;
			outputFileListPaths = (
			);
			outputPaths = (
			);
			runOnlyForDeploymentPostprocessing = 0;
			shellPath = /bin/sh;
			shellScript = "if which swiftlint >/dev/null; then\n  swiftlint\nelse\n  echo \"warning: SwiftLint not installed, download from https://github.com/realm/SwiftLint\"\nfi\n\n";
		};
/* End PBXShellScriptBuildPhase section */

/* Begin PBXSourcesBuildPhase section */
		27BB675027D6D134003098D8 /* Sources */ = {
			isa = PBXSourcesBuildPhase;
			buildActionMask = 2147483647;
			files = (
				27276ADD27F4B6C500F890B8 /* PokemonListHeaderViewModelAttributer.swift in Sources */,
				27A3691A27E7919E00A837C8 /* PokemonEndpoint.swift in Sources */,
				27A3691E27E791CC00A837C8 /* NetworkError.swift in Sources */,
				2781FCB627EFBB390060EF60 /* String.swift in Sources */,
				2781FCBE27F0E01E0060EF60 /* UIView.swift in Sources */,
				27876E3E27EF784E00CB8F3A /* Coordinator.swift in Sources */,
				27EED01F27E945C4002FB119 /* PokemonListCollectionViewLayout.swift in Sources */,
				27276AF827F5209A00F890B8 /* PokemonDetailsScrollView.swift in Sources */,
				2781FCBA27F0CB7B0060EF60 /* ViewControllerRepresentable.swift in Sources */,
				272A161E27E7F5FA0057255F /* UICollectionViewCell.swift in Sources */,
				2781FCBC27F0CC190060EF60 /* UIImage+System.swift in Sources */,
				27276AE327F4BAD500F890B8 /* PokedexRegion.swift in Sources */,
				2773B74227D6E21500C845DE /* UIViewController.swift in Sources */,
				27EED02127E94631002FB119 /* CollectionViewFlowLayout.swift in Sources */,
				27276AF627F50EAF00F890B8 /* PokemonDetailsViewModel.swift in Sources */,
				27EED01D27E945B9002FB119 /* PokemonListCollectionView.swift in Sources */,
				27876E4D27EF7FAE00CB8F3A /* SettingsViewController.swift in Sources */,
				27876E4427EF7C3300CB8F3A /* TabBarCoordinator.swift in Sources */,
				27276AF427F50EA000F890B8 /* PokemonDetailsViewController.swift in Sources */,
				27276ADB27F4B6AD00F890B8 /* PokemonListHeaderViewModel.swift in Sources */,
				272A161A27E7F0C30057255F /* Int.swift in Sources */,
				2781FCB827F0CB590060EF60 /* DependencyContainer.swift in Sources */,
				2773B73F27D6E17B00C845DE /* CollectionViewController.swift in Sources */,
				27A3692D27E7B80800A837C8 /* PokemonListViewModel.swift in Sources */,
				27276AED27F4CBAE00F890B8 /* RefinementCoordinator.swift in Sources */,
				27276AFA27F522A700F890B8 /* ScrollView.swift in Sources */,
				27DF73B727F1204B00EE35C8 /* PokemonListHeader.swift in Sources */,
				27276AF227F50E8600F890B8 /* PokemonDetailsCoordinator.swift in Sources */,
				27876E4927EF7F5400CB8F3A /* SettingsCollectionViewController.swift in Sources */,
				27276AE527F4BB4900F890B8 /* PokemonListCellViewModel.swift in Sources */,
				272A161827E7F03E0057255F /* QueryKey.swift in Sources */,
				2754FCEF27F5E8C700F3092A /* SearchController.swift in Sources */,
				2773B73727D6D5E800C845DE /* PokemonListCollectionViewController.swift in Sources */,
				272A161627E7DA460057255F /* URLScheme.swift in Sources */,
				27A3691827E7917D00A837C8 /* Endpoint.swift in Sources */,
				272A162127E7F6460057255F /* CellDequeuable.swift in Sources */,
				27276AEB27F4CB9500F890B8 /* RefinementViewController.swift in Sources */,
				272A161227E7D59D0057255F /* NetworkResponseParser.swift in Sources */,
				27276AFC27F52C3500F890B8 /* PokemonListSearchController.swift in Sources */,
				27876E4B27EF7F8800CB8F3A /* SettingsViewModel.swift in Sources */,
				2773B73527D6D5D800C845DE /* PokemonListViewController.swift in Sources */,
				27A3690E27E7737A00A837C8 /* NavigationController.swift in Sources */,
				27A3691227E77DC600A837C8 /* NavigationBar.swift in Sources */,
				272A161C27E7F5E30057255F /* UICollectionView.swift in Sources */,
				27276AE127F4BA1200F890B8 /* CollectionReusableView.swift in Sources */,
				27876E4127EF7B9B00CB8F3A /* Navigator.swift in Sources */,
				27276ADF27F4B8CF00F890B8 /* PokemonListHeaderStringFormatter.swift in Sources */,
				272A162327E7F65D0057255F /* CellRegistable.swift in Sources */,
				27DF73B327F11C6000EE35C8 /* MainActor.swift in Sources */,
				27A3692B27E7B2E600A837C8 /* UIColor.swift in Sources */,
				27876E4727EF7F0300CB8F3A /* SettingsCoordinator.swift in Sources */,
				27276AE727F4C1BD00F890B8 /* NSDirectionalEdgeInsets.swift in Sources */,
				272A162527E7F6760057255F /* Identifiable.swift in Sources */,
				27A3692127E7AC1C00A837C8 /* CollectionView.swift in Sources */,
				27A3692627E7B16A00A837C8 /* Color.swift in Sources */,
				27A3691C27E791B400A837C8 /* HTTPMethod.swift in Sources */,
				2781FCC227F0E6C50060EF60 /* HeaderKey.swift in Sources */,
				272A161027E7CE5E0057255F /* PokemonListLoader.swift in Sources */,
				2773B73B27D6D6A500C845DE /* ViewController.swift in Sources */,
				27276AEF27F4CBB500F890B8 /* RefinementViewModel.swift in Sources */,
				2773B73D27D6D7F100C845DE /* PokemonListCoordinator.swift in Sources */,
				2773B74727D826A900C845DE /* NetworkEngine.swift in Sources */,
				2781FCC027F0E67B0060EF60 /* HTTPHeader.swift in Sources */,
				27A3692F27E7B88100A837C8 /* Pokemon.swift in Sources */,
				27A3691527E77E4800A837C8 /* StringError.swift in Sources */,
				27BB675827D6D134003098D8 /* AppDelegate.swift in Sources */,
				27876E3C27EF782B00CB8F3A /* AppCoordinator.swift in Sources */,
				272A160E27E7CE0A0057255F /* NetworkManifest.swift in Sources */,
				27A3691027E77DB000A837C8 /* NavigationBarAppearance.swift in Sources */,
				27EED01B27E941F7002FB119 /* PokemonListCell.swift in Sources */,
			);
			runOnlyForDeploymentPostprocessing = 0;
		};
		27BB676627D6D135003098D8 /* Sources */ = {
			isa = PBXSourcesBuildPhase;
			buildActionMask = 2147483647;
			files = (
				27876E3827EF574800CB8F3A /* PokemonFormatterTests.swift in Sources */,
				2754FCF227F5EABF00F3092A /* PokemonListHeaderStringFormatterTests.swift in Sources */,
				2754FCF427F5EC5200F3092A /* PokemonListHeaderViewModelTests.swift in Sources */,
			);
			runOnlyForDeploymentPostprocessing = 0;
		};
		27BB677027D6D135003098D8 /* Sources */ = {
			isa = PBXSourcesBuildPhase;
			buildActionMask = 2147483647;
			files = (
				27BB677927D6D135003098D8 /* PegasusUITests.swift in Sources */,
				27BB677B27D6D135003098D8 /* PegasusUITestsLaunchTests.swift in Sources */,
			);
			runOnlyForDeploymentPostprocessing = 0;
		};
/* End PBXSourcesBuildPhase section */

/* Begin PBXTargetDependency section */
		27BB676C27D6D135003098D8 /* PBXTargetDependency */ = {
			isa = PBXTargetDependency;
			target = 27BB675327D6D134003098D8 /* Pegasus */;
			targetProxy = 27BB676B27D6D135003098D8 /* PBXContainerItemProxy */;
		};
		27BB677627D6D135003098D8 /* PBXTargetDependency */ = {
			isa = PBXTargetDependency;
			target = 27BB675327D6D134003098D8 /* Pegasus */;
			targetProxy = 27BB677527D6D135003098D8 /* PBXContainerItemProxy */;
		};
/* End PBXTargetDependency section */

/* Begin PBXVariantGroup section */
		27BB676227D6D135003098D8 /* LaunchScreen.storyboard */ = {
			isa = PBXVariantGroup;
			children = (
				27BB676327D6D135003098D8 /* Base */,
			);
			name = LaunchScreen.storyboard;
			sourceTree = "<group>";
		};
/* End PBXVariantGroup section */

/* Begin XCBuildConfiguration section */
		27BB677C27D6D135003098D8 /* Debug */ = {
			isa = XCBuildConfiguration;
			buildSettings = {
				ALWAYS_SEARCH_USER_PATHS = NO;
				CLANG_ANALYZER_NONNULL = YES;
				CLANG_ANALYZER_NUMBER_OBJECT_CONVERSION = YES_AGGRESSIVE;
				CLANG_CXX_LANGUAGE_STANDARD = "gnu++17";
				CLANG_CXX_LIBRARY = "libc++";
				CLANG_ENABLE_MODULES = YES;
				CLANG_ENABLE_OBJC_ARC = YES;
				CLANG_ENABLE_OBJC_WEAK = YES;
				CLANG_WARN_BLOCK_CAPTURE_AUTORELEASING = YES;
				CLANG_WARN_BOOL_CONVERSION = YES;
				CLANG_WARN_COMMA = YES;
				CLANG_WARN_CONSTANT_CONVERSION = YES;
				CLANG_WARN_DEPRECATED_OBJC_IMPLEMENTATIONS = YES;
				CLANG_WARN_DIRECT_OBJC_ISA_USAGE = YES_ERROR;
				CLANG_WARN_DOCUMENTATION_COMMENTS = YES;
				CLANG_WARN_EMPTY_BODY = YES;
				CLANG_WARN_ENUM_CONVERSION = YES;
				CLANG_WARN_INFINITE_RECURSION = YES;
				CLANG_WARN_INT_CONVERSION = YES;
				CLANG_WARN_NON_LITERAL_NULL_CONVERSION = YES;
				CLANG_WARN_OBJC_IMPLICIT_RETAIN_SELF = YES;
				CLANG_WARN_OBJC_LITERAL_CONVERSION = YES;
				CLANG_WARN_OBJC_ROOT_CLASS = YES_ERROR;
				CLANG_WARN_QUOTED_INCLUDE_IN_FRAMEWORK_HEADER = YES;
				CLANG_WARN_RANGE_LOOP_ANALYSIS = YES;
				CLANG_WARN_STRICT_PROTOTYPES = YES;
				CLANG_WARN_SUSPICIOUS_MOVE = YES;
				CLANG_WARN_UNGUARDED_AVAILABILITY = YES_AGGRESSIVE;
				CLANG_WARN_UNREACHABLE_CODE = YES;
				CLANG_WARN__DUPLICATE_METHOD_MATCH = YES;
				COPY_PHASE_STRIP = NO;
				DEBUG_INFORMATION_FORMAT = dwarf;
				ENABLE_STRICT_OBJC_MSGSEND = YES;
				ENABLE_TESTABILITY = YES;
				GCC_C_LANGUAGE_STANDARD = gnu11;
				GCC_DYNAMIC_NO_PIC = NO;
				GCC_NO_COMMON_BLOCKS = YES;
				GCC_OPTIMIZATION_LEVEL = 0;
				GCC_PREPROCESSOR_DEFINITIONS = (
					"DEBUG=1",
					"$(inherited)",
				);
				GCC_WARN_64_TO_32_BIT_CONVERSION = YES;
				GCC_WARN_ABOUT_RETURN_TYPE = YES_ERROR;
				GCC_WARN_UNDECLARED_SELECTOR = YES;
				GCC_WARN_UNINITIALIZED_AUTOS = YES_AGGRESSIVE;
				GCC_WARN_UNUSED_FUNCTION = YES;
				GCC_WARN_UNUSED_VARIABLE = YES;
				IPHONEOS_DEPLOYMENT_TARGET = 15.2;
				MTL_ENABLE_DEBUG_INFO = INCLUDE_SOURCE;
				MTL_FAST_MATH = YES;
				ONLY_ACTIVE_ARCH = YES;
				SDKROOT = iphoneos;
				SWIFT_ACTIVE_COMPILATION_CONDITIONS = DEBUG;
				SWIFT_OPTIMIZATION_LEVEL = "-Onone";
			};
			name = Debug;
		};
		27BB677D27D6D135003098D8 /* Release */ = {
			isa = XCBuildConfiguration;
			buildSettings = {
				ALWAYS_SEARCH_USER_PATHS = NO;
				CLANG_ANALYZER_NONNULL = YES;
				CLANG_ANALYZER_NUMBER_OBJECT_CONVERSION = YES_AGGRESSIVE;
				CLANG_CXX_LANGUAGE_STANDARD = "gnu++17";
				CLANG_CXX_LIBRARY = "libc++";
				CLANG_ENABLE_MODULES = YES;
				CLANG_ENABLE_OBJC_ARC = YES;
				CLANG_ENABLE_OBJC_WEAK = YES;
				CLANG_WARN_BLOCK_CAPTURE_AUTORELEASING = YES;
				CLANG_WARN_BOOL_CONVERSION = YES;
				CLANG_WARN_COMMA = YES;
				CLANG_WARN_CONSTANT_CONVERSION = YES;
				CLANG_WARN_DEPRECATED_OBJC_IMPLEMENTATIONS = YES;
				CLANG_WARN_DIRECT_OBJC_ISA_USAGE = YES_ERROR;
				CLANG_WARN_DOCUMENTATION_COMMENTS = YES;
				CLANG_WARN_EMPTY_BODY = YES;
				CLANG_WARN_ENUM_CONVERSION = YES;
				CLANG_WARN_INFINITE_RECURSION = YES;
				CLANG_WARN_INT_CONVERSION = YES;
				CLANG_WARN_NON_LITERAL_NULL_CONVERSION = YES;
				CLANG_WARN_OBJC_IMPLICIT_RETAIN_SELF = YES;
				CLANG_WARN_OBJC_LITERAL_CONVERSION = YES;
				CLANG_WARN_OBJC_ROOT_CLASS = YES_ERROR;
				CLANG_WARN_QUOTED_INCLUDE_IN_FRAMEWORK_HEADER = YES;
				CLANG_WARN_RANGE_LOOP_ANALYSIS = YES;
				CLANG_WARN_STRICT_PROTOTYPES = YES;
				CLANG_WARN_SUSPICIOUS_MOVE = YES;
				CLANG_WARN_UNGUARDED_AVAILABILITY = YES_AGGRESSIVE;
				CLANG_WARN_UNREACHABLE_CODE = YES;
				CLANG_WARN__DUPLICATE_METHOD_MATCH = YES;
				COPY_PHASE_STRIP = NO;
				DEBUG_INFORMATION_FORMAT = "dwarf-with-dsym";
				ENABLE_NS_ASSERTIONS = NO;
				ENABLE_STRICT_OBJC_MSGSEND = YES;
				GCC_C_LANGUAGE_STANDARD = gnu11;
				GCC_NO_COMMON_BLOCKS = YES;
				GCC_WARN_64_TO_32_BIT_CONVERSION = YES;
				GCC_WARN_ABOUT_RETURN_TYPE = YES_ERROR;
				GCC_WARN_UNDECLARED_SELECTOR = YES;
				GCC_WARN_UNINITIALIZED_AUTOS = YES_AGGRESSIVE;
				GCC_WARN_UNUSED_FUNCTION = YES;
				GCC_WARN_UNUSED_VARIABLE = YES;
				IPHONEOS_DEPLOYMENT_TARGET = 15.2;
				MTL_ENABLE_DEBUG_INFO = NO;
				MTL_FAST_MATH = YES;
				SDKROOT = iphoneos;
				SWIFT_COMPILATION_MODE = wholemodule;
				SWIFT_OPTIMIZATION_LEVEL = "-O";
				VALIDATE_PRODUCT = YES;
			};
			name = Release;
		};
		27BB677F27D6D135003098D8 /* Debug */ = {
			isa = XCBuildConfiguration;
			buildSettings = {
				ASSETCATALOG_COMPILER_APPICON_NAME = AppIcon;
				ASSETCATALOG_COMPILER_GLOBAL_ACCENT_COLOR_NAME = AccentColor;
				CODE_SIGN_STYLE = Automatic;
				CURRENT_PROJECT_VERSION = 1;
				DEVELOPMENT_TEAM = 64E8842TP6;
				GENERATE_INFOPLIST_FILE = YES;
				INFOPLIST_FILE = "Pegasus/Supporting Files/Info.plist";
				INFOPLIST_KEY_UIApplicationSupportsIndirectInputEvents = YES;
				INFOPLIST_KEY_UILaunchStoryboardName = LaunchScreen;
				INFOPLIST_KEY_UISupportedInterfaceOrientations_iPad = "UIInterfaceOrientationPortrait UIInterfaceOrientationPortraitUpsideDown UIInterfaceOrientationLandscapeLeft UIInterfaceOrientationLandscapeRight";
				INFOPLIST_KEY_UISupportedInterfaceOrientations_iPhone = UIInterfaceOrientationPortrait;
				LD_RUNPATH_SEARCH_PATHS = (
					"$(inherited)",
					"@executable_path/Frameworks",
				);
				MARKETING_VERSION = 1.0;
				PRODUCT_BUNDLE_IDENTIFIER = com.TiagoSilva.Pegasus;
				PRODUCT_NAME = "$(TARGET_NAME)";
				SWIFT_EMIT_LOC_STRINGS = YES;
				SWIFT_VERSION = 5.0;
				TARGETED_DEVICE_FAMILY = "1,2";
			};
			name = Debug;
		};
		27BB678027D6D135003098D8 /* Release */ = {
			isa = XCBuildConfiguration;
			buildSettings = {
				ASSETCATALOG_COMPILER_APPICON_NAME = AppIcon;
				ASSETCATALOG_COMPILER_GLOBAL_ACCENT_COLOR_NAME = AccentColor;
				CODE_SIGN_STYLE = Automatic;
				CURRENT_PROJECT_VERSION = 1;
				DEVELOPMENT_TEAM = 64E8842TP6;
				GENERATE_INFOPLIST_FILE = YES;
				INFOPLIST_FILE = "Pegasus/Supporting Files/Info.plist";
				INFOPLIST_KEY_UIApplicationSupportsIndirectInputEvents = YES;
				INFOPLIST_KEY_UILaunchStoryboardName = LaunchScreen;
				INFOPLIST_KEY_UISupportedInterfaceOrientations_iPad = "UIInterfaceOrientationPortrait UIInterfaceOrientationPortraitUpsideDown UIInterfaceOrientationLandscapeLeft UIInterfaceOrientationLandscapeRight";
				INFOPLIST_KEY_UISupportedInterfaceOrientations_iPhone = UIInterfaceOrientationPortrait;
				LD_RUNPATH_SEARCH_PATHS = (
					"$(inherited)",
					"@executable_path/Frameworks",
				);
				MARKETING_VERSION = 1.0;
				PRODUCT_BUNDLE_IDENTIFIER = com.TiagoSilva.Pegasus;
				PRODUCT_NAME = "$(TARGET_NAME)";
				SWIFT_EMIT_LOC_STRINGS = YES;
				SWIFT_VERSION = 5.0;
				TARGETED_DEVICE_FAMILY = "1,2";
			};
			name = Release;
		};
		27BB678227D6D135003098D8 /* Debug */ = {
			isa = XCBuildConfiguration;
			buildSettings = {
				ALWAYS_EMBED_SWIFT_STANDARD_LIBRARIES = YES;
				BUNDLE_LOADER = "$(TEST_HOST)";
				CODE_SIGN_STYLE = Automatic;
				CURRENT_PROJECT_VERSION = 1;
				DEVELOPMENT_TEAM = 64E8842TP6;
				GENERATE_INFOPLIST_FILE = YES;
				IPHONEOS_DEPLOYMENT_TARGET = 15.2;
				MARKETING_VERSION = 1.0;
				PRODUCT_BUNDLE_IDENTIFIER = com.TiagoSilva.PegasusTests;
				PRODUCT_NAME = "$(TARGET_NAME)";
				SWIFT_EMIT_LOC_STRINGS = NO;
				SWIFT_VERSION = 5.0;
				TARGETED_DEVICE_FAMILY = "1,2";
				TEST_HOST = "$(BUILT_PRODUCTS_DIR)/Pegasus.app/Pegasus";
			};
			name = Debug;
		};
		27BB678327D6D135003098D8 /* Release */ = {
			isa = XCBuildConfiguration;
			buildSettings = {
				ALWAYS_EMBED_SWIFT_STANDARD_LIBRARIES = YES;
				BUNDLE_LOADER = "$(TEST_HOST)";
				CODE_SIGN_STYLE = Automatic;
				CURRENT_PROJECT_VERSION = 1;
				DEVELOPMENT_TEAM = 64E8842TP6;
				GENERATE_INFOPLIST_FILE = YES;
				IPHONEOS_DEPLOYMENT_TARGET = 15.2;
				MARKETING_VERSION = 1.0;
				PRODUCT_BUNDLE_IDENTIFIER = com.TiagoSilva.PegasusTests;
				PRODUCT_NAME = "$(TARGET_NAME)";
				SWIFT_EMIT_LOC_STRINGS = NO;
				SWIFT_VERSION = 5.0;
				TARGETED_DEVICE_FAMILY = "1,2";
				TEST_HOST = "$(BUILT_PRODUCTS_DIR)/Pegasus.app/Pegasus";
			};
			name = Release;
		};
		27BB678527D6D135003098D8 /* Debug */ = {
			isa = XCBuildConfiguration;
			buildSettings = {
				ALWAYS_EMBED_SWIFT_STANDARD_LIBRARIES = YES;
				CODE_SIGN_STYLE = Automatic;
				CURRENT_PROJECT_VERSION = 1;
				DEVELOPMENT_TEAM = 64E8842TP6;
				GENERATE_INFOPLIST_FILE = YES;
				MARKETING_VERSION = 1.0;
				PRODUCT_BUNDLE_IDENTIFIER = com.TiagoSilva.PegasusUITests;
				PRODUCT_NAME = "$(TARGET_NAME)";
				SWIFT_EMIT_LOC_STRINGS = NO;
				SWIFT_VERSION = 5.0;
				TARGETED_DEVICE_FAMILY = "1,2";
				TEST_TARGET_NAME = Pegasus;
			};
			name = Debug;
		};
		27BB678627D6D135003098D8 /* Release */ = {
			isa = XCBuildConfiguration;
			buildSettings = {
				ALWAYS_EMBED_SWIFT_STANDARD_LIBRARIES = YES;
				CODE_SIGN_STYLE = Automatic;
				CURRENT_PROJECT_VERSION = 1;
				DEVELOPMENT_TEAM = 64E8842TP6;
				GENERATE_INFOPLIST_FILE = YES;
				MARKETING_VERSION = 1.0;
				PRODUCT_BUNDLE_IDENTIFIER = com.TiagoSilva.PegasusUITests;
				PRODUCT_NAME = "$(TARGET_NAME)";
				SWIFT_EMIT_LOC_STRINGS = NO;
				SWIFT_VERSION = 5.0;
				TARGETED_DEVICE_FAMILY = "1,2";
				TEST_TARGET_NAME = Pegasus;
			};
			name = Release;
		};
/* End XCBuildConfiguration section */

/* Begin XCConfigurationList section */
		27BB674F27D6D134003098D8 /* Build configuration list for PBXProject "Pegasus" */ = {
			isa = XCConfigurationList;
			buildConfigurations = (
				27BB677C27D6D135003098D8 /* Debug */,
				27BB677D27D6D135003098D8 /* Release */,
			);
			defaultConfigurationIsVisible = 0;
			defaultConfigurationName = Release;
		};
		27BB677E27D6D135003098D8 /* Build configuration list for PBXNativeTarget "Pegasus" */ = {
			isa = XCConfigurationList;
			buildConfigurations = (
				27BB677F27D6D135003098D8 /* Debug */,
				27BB678027D6D135003098D8 /* Release */,
			);
			defaultConfigurationIsVisible = 0;
			defaultConfigurationName = Release;
		};
		27BB678127D6D135003098D8 /* Build configuration list for PBXNativeTarget "PegasusTests" */ = {
			isa = XCConfigurationList;
			buildConfigurations = (
				27BB678227D6D135003098D8 /* Debug */,
				27BB678327D6D135003098D8 /* Release */,
			);
			defaultConfigurationIsVisible = 0;
			defaultConfigurationName = Release;
		};
		27BB678427D6D135003098D8 /* Build configuration list for PBXNativeTarget "PegasusUITests" */ = {
			isa = XCConfigurationList;
			buildConfigurations = (
				27BB678527D6D135003098D8 /* Debug */,
				27BB678627D6D135003098D8 /* Release */,
			);
			defaultConfigurationIsVisible = 0;
			defaultConfigurationName = Release;
		};
/* End XCConfigurationList section */
	};
	rootObject = 27BB674C27D6D134003098D8 /* Project object */;
}
